
Microsoft Visual Studio Solution File, Format Version 12.00
# Visual Studio Version 17
VisualStudioVersion = 17.12.35707.178 d17.12
MinimumVisualStudioVersion = 10.0.40219.1
Project("{FAE04EC0-301F-11D3-BF4B-00C04F79EFBC}") = "Eyesolaris.Logging", "Eyesolaris.Logging\Eyesolaris.Logging.csproj", "{C281FB8C-C5CC-4B88-B8E8-E1E66B6E1CE4}"
EndProject
Global
	GlobalSection(SolutionConfigurationPlatforms) = preSolution
		Debug|Any CPU = Debug|Any CPU
		Release|Any CPU = Release|Any CPU
	EndGlobalSection
	GlobalSection(ProjectConfigurationPlatforms) = postSolution
		{C281FB8C-C5CC-4B88-B8E8-E1E66B6E1CE4}.Debug|Any CPU.ActiveCfg = Debug|Any CPU
		{C281FB8C-C5CC-4B88-B8E8-E1E66B6E1CE4}.Debug|Any CPU.Build.0 = Debug|Any CPU
		{C281FB8C-C5CC-4B88-B8E8-E1E66B6E1CE4}.Release|Any CPU.ActiveCfg = Release|Any CPU
		{C281FB8C-C5CC-4B88-B8E8-E1E66B6E1CE4}.Release|Any CPU.Build.0 = Release|Any CPU
	EndGlobalSection
	GlobalSection(SolutionProperties) = preSolution
		HideSolutionNode = FALSE
	EndGlobalSection
EndGlobal
